
Microsoft Visual Studio Solution File, Format Version 12.00
# Visual Studio Version 17
VisualStudioVersion = 17.8.34330.188
MinimumVisualStudioVersion = 10.0.40219.1
Project("{54A90642-561A-4BB1-A94E-469ADEE60C69}") = "PlaywrightTest", "PlaywrightTest\PlaywrightTest.esproj", "{6B46BF94-E096-44F0-9966-1D012015AC59}"
EndProject
Global
	GlobalSection(SolutionConfigurationPlatforms) = preSolution
		Debug|Any CPU = Debug|Any CPU
		Release|Any CPU = Release|Any CPU
	EndGlobalSection
	GlobalSection(ProjectConfigurationPlatforms) = postSolution
		{6B46BF94-E096-44F0-9966-1D012015AC59}.Debug|Any CPU.ActiveCfg = Debug|Any CPU
		{6B46BF94-E096-44F0-9966-1D012015AC59}.Debug|Any CPU.Build.0 = Debug|Any CPU
		{6B46BF94-E096-44F0-9966-1D012015AC59}.Debug|Any CPU.Deploy.0 = Debug|Any CPU
		{6B46BF94-E096-44F0-9966-1D012015AC59}.Release|Any CPU.ActiveCfg = Release|Any CPU
		{6B46BF94-E096-44F0-9966-1D012015AC59}.Release|Any CPU.Build.0 = Release|Any CPU
		{6B46BF94-E096-44F0-9966-1D012015AC59}.Release|Any CPU.Deploy.0 = Release|Any CPU
	EndGlobalSection
	GlobalSection(SolutionProperties) = preSolution
		HideSolutionNode = FALSE
	EndGlobalSection
	GlobalSection(ExtensibilityGlobals) = postSolution
		SolutionGuid = {0F869FE3-4559-4098-9136-C1329855853E}
	EndGlobalSection
EndGlobal
